// !$*UTF8*$!
{
	archiveVersion = 1;
	classes = {
	};
	objectVersion = 55;
	objects = {

/* Begin PBXBuildFile section */
		7800F9FE28426BE200E1CF06 /* NavigationTop.swift in Sources */ = {isa = PBXBuildFile; fileRef = 7800F9FD28426BE200E1CF06 /* NavigationTop.swift */; };
		7800FA002842721500E1CF06 /* PlayerTeamButton.swift in Sources */ = {isa = PBXBuildFile; fileRef = 7800F9FF2842721500E1CF06 /* PlayerTeamButton.swift */; };
		7800FA022842AD6500E1CF06 /* SearchView.swift in Sources */ = {isa = PBXBuildFile; fileRef = 7800FA012842AD6500E1CF06 /* SearchView.swift */; };
		78862A6B283E8513000A25D7 /* PlayerTableViewCell.swift in Sources */ = {isa = PBXBuildFile; fileRef = 78862A6A283E8513000A25D7 /* PlayerTableViewCell.swift */; };
		789292CA2841510F00FBB614 /* CustomTextField.swift in Sources */ = {isa = PBXBuildFile; fileRef = 789292C92841510F00FBB614 /* CustomTextField.swift */; };
		789292D22841720200FBB614 /* SnapKit in Frameworks */ = {isa = PBXBuildFile; productRef = 789292D12841720200FBB614 /* SnapKit */; };
		78A1AEAD283D171F004CE6D0 /* ExploreVC.swift in Sources */ = {isa = PBXBuildFile; fileRef = 78A1AEAC283D171F004CE6D0 /* ExploreVC.swift */; };
		78A1AEAF283D172D004CE6D0 /* FavoritesVC.swift in Sources */ = {isa = PBXBuildFile; fileRef = 78A1AEAE283D172D004CE6D0 /* FavoritesVC.swift */; };
		78A1AEB1283D1745004CE6D0 /* SeasonsVC.swift in Sources */ = {isa = PBXBuildFile; fileRef = 78A1AEB0283D1745004CE6D0 /* SeasonsVC.swift */; };
		78A1AEB3283D1761004CE6D0 /* SettingsVC.swift in Sources */ = {isa = PBXBuildFile; fileRef = 78A1AEB2283D1761004CE6D0 /* SettingsVC.swift */; };
		78B8735D28367BEE008C3A7A /* AppDelegate.swift in Sources */ = {isa = PBXBuildFile; fileRef = 78B8735C28367BEE008C3A7A /* AppDelegate.swift */; };
		78B8735F28367BEE008C3A7A /* SceneDelegate.swift in Sources */ = {isa = PBXBuildFile; fileRef = 78B8735E28367BEE008C3A7A /* SceneDelegate.swift */; };
		78B8736128367BEE008C3A7A /* ViewController.swift in Sources */ = {isa = PBXBuildFile; fileRef = 78B8736028367BEE008C3A7A /* ViewController.swift */; };
		78B8736628367BEF008C3A7A /* Assets.xcassets in Resources */ = {isa = PBXBuildFile; fileRef = 78B8736528367BEF008C3A7A /* Assets.xcassets */; };
		78B8736928367BEF008C3A7A /* LaunchScreen.storyboard in Resources */ = {isa = PBXBuildFile; fileRef = 78B8736728367BEF008C3A7A /* LaunchScreen.storyboard */; };
/* End PBXBuildFile section */

/* Begin PBXFileReference section */
		7800F9FD28426BE200E1CF06 /* NavigationTop.swift */ = {isa = PBXFileReference; lastKnownFileType = sourcecode.swift; path = NavigationTop.swift; sourceTree = "<group>"; };
		7800F9FF2842721500E1CF06 /* PlayerTeamButton.swift */ = {isa = PBXFileReference; lastKnownFileType = sourcecode.swift; path = PlayerTeamButton.swift; sourceTree = "<group>"; };
		7800FA012842AD6500E1CF06 /* SearchView.swift */ = {isa = PBXFileReference; lastKnownFileType = sourcecode.swift; path = SearchView.swift; sourceTree = "<group>"; };
		78862A6A283E8513000A25D7 /* PlayerTableViewCell.swift */ = {isa = PBXFileReference; lastKnownFileType = sourcecode.swift; path = PlayerTableViewCell.swift; sourceTree = "<group>"; };
		789292C92841510F00FBB614 /* CustomTextField.swift */ = {isa = PBXFileReference; lastKnownFileType = sourcecode.swift; path = CustomTextField.swift; sourceTree = "<group>"; };
		78A1AEAC283D171F004CE6D0 /* ExploreVC.swift */ = {isa = PBXFileReference; lastKnownFileType = sourcecode.swift; path = ExploreVC.swift; sourceTree = "<group>"; };
		78A1AEAE283D172D004CE6D0 /* FavoritesVC.swift */ = {isa = PBXFileReference; lastKnownFileType = sourcecode.swift; path = FavoritesVC.swift; sourceTree = "<group>"; };
		78A1AEB0283D1745004CE6D0 /* SeasonsVC.swift */ = {isa = PBXFileReference; lastKnownFileType = sourcecode.swift; path = SeasonsVC.swift; sourceTree = "<group>"; };
		78A1AEB2283D1761004CE6D0 /* SettingsVC.swift */ = {isa = PBXFileReference; lastKnownFileType = sourcecode.swift; path = SettingsVC.swift; sourceTree = "<group>"; };
		78B8735928367BEE008C3A7A /* NBA App.app */ = {isa = PBXFileReference; explicitFileType = wrapper.application; includeInIndex = 0; path = "NBA App.app"; sourceTree = BUILT_PRODUCTS_DIR; };
		78B8735C28367BEE008C3A7A /* AppDelegate.swift */ = {isa = PBXFileReference; lastKnownFileType = sourcecode.swift; path = AppDelegate.swift; sourceTree = "<group>"; };
		78B8735E28367BEE008C3A7A /* SceneDelegate.swift */ = {isa = PBXFileReference; lastKnownFileType = sourcecode.swift; path = SceneDelegate.swift; sourceTree = "<group>"; };
		78B8736028367BEE008C3A7A /* ViewController.swift */ = {isa = PBXFileReference; lastKnownFileType = sourcecode.swift; path = ViewController.swift; sourceTree = "<group>"; };
		78B8736528367BEF008C3A7A /* Assets.xcassets */ = {isa = PBXFileReference; lastKnownFileType = folder.assetcatalog; path = Assets.xcassets; sourceTree = "<group>"; };
		78B8736828367BEF008C3A7A /* Base */ = {isa = PBXFileReference; lastKnownFileType = file.storyboard; name = Base; path = Base.lproj/LaunchScreen.storyboard; sourceTree = "<group>"; };
		78B8736A28367BEF008C3A7A /* Info.plist */ = {isa = PBXFileReference; lastKnownFileType = text.plist.xml; path = Info.plist; sourceTree = "<group>"; };
/* End PBXFileReference section */

/* Begin PBXFrameworksBuildPhase section */
		78B8735628367BEE008C3A7A /* Frameworks */ = {
			isa = PBXFrameworksBuildPhase;
			buildActionMask = 2147483647;
			files = (
				789292D22841720200FBB614 /* SnapKit in Frameworks */,
			);
			runOnlyForDeploymentPostprocessing = 0;
		};
/* End PBXFrameworksBuildPhase section */

/* Begin PBXGroup section */
		78862A69283E847F000A25D7 /* View */ = {
			isa = PBXGroup;
			children = (
				78862A6A283E8513000A25D7 /* PlayerTableViewCell.swift */,
				789292C92841510F00FBB614 /* CustomTextField.swift */,
				7800F9FD28426BE200E1CF06 /* NavigationTop.swift */,
				7800FA012842AD6500E1CF06 /* SearchView.swift */,
				7800F9FF2842721500E1CF06 /* PlayerTeamButton.swift */,
			);
			path = View;
			sourceTree = "<group>";
		};
		789292C8284150F200FBB614 /* Model */ = {
			isa = PBXGroup;
			children = (
			);
			path = Model;
			sourceTree = "<group>";
		};
		78A1AEAA283D1202004CE6D0 /* Controller */ = {
			isa = PBXGroup;
			children = (
				78A1AEAC283D171F004CE6D0 /* ExploreVC.swift */,
				78A1AEAE283D172D004CE6D0 /* FavoritesVC.swift */,
				78A1AEB0283D1745004CE6D0 /* SeasonsVC.swift */,
				78A1AEB2283D1761004CE6D0 /* SettingsVC.swift */,
			);
			path = Controller;
			sourceTree = "<group>";
		};
		78A1AEAB283D1266004CE6D0 /* Init */ = {
			isa = PBXGroup;
			children = (
				78B8735C28367BEE008C3A7A /* AppDelegate.swift */,
				78B8735E28367BEE008C3A7A /* SceneDelegate.swift */,
				78B8736528367BEF008C3A7A /* Assets.xcassets */,
				78B8736728367BEF008C3A7A /* LaunchScreen.storyboard */,
			);
			path = Init;
			sourceTree = "<group>";
		};
		78B8735028367BEE008C3A7A = {
			isa = PBXGroup;
			children = (
				78B8735B28367BEE008C3A7A /* NBA App */,
				78B8735A28367BEE008C3A7A /* Products */,
			);
			sourceTree = "<group>";
		};
		78B8735A28367BEE008C3A7A /* Products */ = {
			isa = PBXGroup;
			children = (
				78B8735928367BEE008C3A7A /* NBA App.app */,
			);
			name = Products;
			sourceTree = "<group>";
		};
		78B8735B28367BEE008C3A7A /* NBA App */ = {
			isa = PBXGroup;
			children = (
				789292C8284150F200FBB614 /* Model */,
				78862A69283E847F000A25D7 /* View */,
				78A1AEAA283D1202004CE6D0 /* Controller */,
				78A1AEAB283D1266004CE6D0 /* Init */,
				78B8736028367BEE008C3A7A /* ViewController.swift */,
				78B8736A28367BEF008C3A7A /* Info.plist */,
			);
			path = "NBA App";
			sourceTree = "<group>";
		};
/* End PBXGroup section */

/* Begin PBXNativeTarget section */
		78B8735828367BEE008C3A7A /* NBA App */ = {
			isa = PBXNativeTarget;
			buildConfigurationList = 78B8736D28367BEF008C3A7A /* Build configuration list for PBXNativeTarget "NBA App" */;
			buildPhases = (
				78B8735528367BEE008C3A7A /* Sources */,
				78B8735628367BEE008C3A7A /* Frameworks */,
				78B8735728367BEE008C3A7A /* Resources */,
			);
			buildRules = (
			);
			dependencies = (
			);
			name = "NBA App";
			packageProductDependencies = (
				789292D12841720200FBB614 /* SnapKit */,
			);
			productName = "NBA App";
			productReference = 78B8735928367BEE008C3A7A /* NBA App.app */;
			productType = "com.apple.product-type.application";
		};
/* End PBXNativeTarget section */

/* Begin PBXProject section */
		78B8735128367BEE008C3A7A /* Project object */ = {
			isa = PBXProject;
			attributes = {
				BuildIndependentTargetsInParallel = 1;
				LastSwiftUpdateCheck = 1320;
				LastUpgradeCheck = 1320;
				TargetAttributes = {
					78B8735828367BEE008C3A7A = {
						CreatedOnToolsVersion = 13.2.1;
					};
				};
			};
			buildConfigurationList = 78B8735428367BEE008C3A7A /* Build configuration list for PBXProject "NBA App" */;
			compatibilityVersion = "Xcode 13.0";
			developmentRegion = en;
			hasScannedForEncodings = 0;
			knownRegions = (
				en,
				Base,
			);
			mainGroup = 78B8735028367BEE008C3A7A;
			packageReferences = (
				789292D02841720200FBB614 /* XCRemoteSwiftPackageReference "SnapKit" */,
			);
			productRefGroup = 78B8735A28367BEE008C3A7A /* Products */;
			projectDirPath = "";
			projectRoot = "";
			targets = (
				78B8735828367BEE008C3A7A /* NBA App */,
			);
		};
/* End PBXProject section */

/* Begin PBXResourcesBuildPhase section */
		78B8735728367BEE008C3A7A /* Resources */ = {
			isa = PBXResourcesBuildPhase;
			buildActionMask = 2147483647;
			files = (
				78B8736928367BEF008C3A7A /* LaunchScreen.storyboard in Resources */,
				78B8736628367BEF008C3A7A /* Assets.xcassets in Resources */,
			);
			runOnlyForDeploymentPostprocessing = 0;
		};
/* End PBXResourcesBuildPhase section */

/* Begin PBXSourcesBuildPhase section */
		78B8735528367BEE008C3A7A /* Sources */ = {
			isa = PBXSourcesBuildPhase;
			buildActionMask = 2147483647;
			files = (
				78A1AEAF283D172D004CE6D0 /* FavoritesVC.swift in Sources */,
				78B8736128367BEE008C3A7A /* ViewController.swift in Sources */,
				78B8735D28367BEE008C3A7A /* AppDelegate.swift in Sources */,
				78A1AEAD283D171F004CE6D0 /* ExploreVC.swift in Sources */,
				7800FA022842AD6500E1CF06 /* SearchView.swift in Sources */,
				78B8735F28367BEE008C3A7A /* SceneDelegate.swift in Sources */,
				7800F9FE28426BE200E1CF06 /* NavigationTop.swift in Sources */,
				78862A6B283E8513000A25D7 /* PlayerTableViewCell.swift in Sources */,
				7800FA002842721500E1CF06 /* PlayerTeamButton.swift in Sources */,
				78A1AEB1283D1745004CE6D0 /* SeasonsVC.swift in Sources */,
				78A1AEB3283D1761004CE6D0 /* SettingsVC.swift in Sources */,
				789292CA2841510F00FBB614 /* CustomTextField.swift in Sources */,
			);
			runOnlyForDeploymentPostprocessing = 0;
		};
/* End PBXSourcesBuildPhase section */

/* Begin PBXVariantGroup section */
		78B8736728367BEF008C3A7A /* LaunchScreen.storyboard */ = {
			isa = PBXVariantGroup;
			children = (
				78B8736828367BEF008C3A7A /* Base */,
			);
			name = LaunchScreen.storyboard;
			sourceTree = "<group>";
		};
/* End PBXVariantGroup section */

/* Begin XCBuildConfiguration section */
		78B8736B28367BEF008C3A7A /* Debug */ = {
			isa = XCBuildConfiguration;
			buildSettings = {
				ALWAYS_SEARCH_USER_PATHS = NO;
				CLANG_ANALYZER_NONNULL = YES;
				CLANG_ANALYZER_NUMBER_OBJECT_CONVERSION = YES_AGGRESSIVE;
				CLANG_CXX_LANGUAGE_STANDARD = "gnu++17";
				CLANG_CXX_LIBRARY = "libc++";
				CLANG_ENABLE_MODULES = YES;
				CLANG_ENABLE_OBJC_ARC = YES;
				CLANG_ENABLE_OBJC_WEAK = YES;
				CLANG_WARN_BLOCK_CAPTURE_AUTORELEASING = YES;
				CLANG_WARN_BOOL_CONVERSION = YES;
				CLANG_WARN_COMMA = YES;
				CLANG_WARN_CONSTANT_CONVERSION = YES;
				CLANG_WARN_DEPRECATED_OBJC_IMPLEMENTATIONS = YES;
				CLANG_WARN_DIRECT_OBJC_ISA_USAGE = YES_ERROR;
				CLANG_WARN_DOCUMENTATION_COMMENTS = YES;
				CLANG_WARN_EMPTY_BODY = YES;
				CLANG_WARN_ENUM_CONVERSION = YES;
				CLANG_WARN_INFINITE_RECURSION = YES;
				CLANG_WARN_INT_CONVERSION = YES;
				CLANG_WARN_NON_LITERAL_NULL_CONVERSION = YES;
				CLANG_WARN_OBJC_IMPLICIT_RETAIN_SELF = YES;
				CLANG_WARN_OBJC_LITERAL_CONVERSION = YES;
				CLANG_WARN_OBJC_ROOT_CLASS = YES_ERROR;
				CLANG_WARN_QUOTED_INCLUDE_IN_FRAMEWORK_HEADER = YES;
				CLANG_WARN_RANGE_LOOP_ANALYSIS = YES;
				CLANG_WARN_STRICT_PROTOTYPES = YES;
				CLANG_WARN_SUSPICIOUS_MOVE = YES;
				CLANG_WARN_UNGUARDED_AVAILABILITY = YES_AGGRESSIVE;
				CLANG_WARN_UNREACHABLE_CODE = YES;
				CLANG_WARN__DUPLICATE_METHOD_MATCH = YES;
				COPY_PHASE_STRIP = NO;
				DEBUG_INFORMATION_FORMAT = dwarf;
				ENABLE_STRICT_OBJC_MSGSEND = YES;
				ENABLE_TESTABILITY = YES;
				GCC_C_LANGUAGE_STANDARD = gnu11;
				GCC_DYNAMIC_NO_PIC = NO;
				GCC_NO_COMMON_BLOCKS = YES;
				GCC_OPTIMIZATION_LEVEL = 0;
				GCC_PREPROCESSOR_DEFINITIONS = (
					"DEBUG=1",
					"$(inherited)",
				);
				GCC_WARN_64_TO_32_BIT_CONVERSION = YES;
				GCC_WARN_ABOUT_RETURN_TYPE = YES_ERROR;
				GCC_WARN_UNDECLARED_SELECTOR = YES;
				GCC_WARN_UNINITIALIZED_AUTOS = YES_AGGRESSIVE;
				GCC_WARN_UNUSED_FUNCTION = YES;
				GCC_WARN_UNUSED_VARIABLE = YES;
				IPHONEOS_DEPLOYMENT_TARGET = 15.2;
				MTL_ENABLE_DEBUG_INFO = INCLUDE_SOURCE;
				MTL_FAST_MATH = YES;
				ONLY_ACTIVE_ARCH = YES;
				SDKROOT = iphoneos;
				SWIFT_ACTIVE_COMPILATION_CONDITIONS = DEBUG;
				SWIFT_OPTIMIZATION_LEVEL = "-Onone";
			};
			name = Debug;
		};
		78B8736C28367BEF008C3A7A /* Release */ = {
			isa = XCBuildConfiguration;
			buildSettings = {
				ALWAYS_SEARCH_USER_PATHS = NO;
				CLANG_ANALYZER_NONNULL = YES;
				CLANG_ANALYZER_NUMBER_OBJECT_CONVERSION = YES_AGGRESSIVE;
				CLANG_CXX_LANGUAGE_STANDARD = "gnu++17";
				CLANG_CXX_LIBRARY = "libc++";
				CLANG_ENABLE_MODULES = YES;
				CLANG_ENABLE_OBJC_ARC = YES;
				CLANG_ENABLE_OBJC_WEAK = YES;
				CLANG_WARN_BLOCK_CAPTURE_AUTORELEASING = YES;
				CLANG_WARN_BOOL_CONVERSION = YES;
				CLANG_WARN_COMMA = YES;
				CLANG_WARN_CONSTANT_CONVERSION = YES;
				CLANG_WARN_DEPRECATED_OBJC_IMPLEMENTATIONS = YES;
				CLANG_WARN_DIRECT_OBJC_ISA_USAGE = YES_ERROR;
				CLANG_WARN_DOCUMENTATION_COMMENTS = YES;
				CLANG_WARN_EMPTY_BODY = YES;
				CLANG_WARN_ENUM_CONVERSION = YES;
				CLANG_WARN_INFINITE_RECURSION = YES;
				CLANG_WARN_INT_CONVERSION = YES;
				CLANG_WARN_NON_LITERAL_NULL_CONVERSION = YES;
				CLANG_WARN_OBJC_IMPLICIT_RETAIN_SELF = YES;
				CLANG_WARN_OBJC_LITERAL_CONVERSION = YES;
				CLANG_WARN_OBJC_ROOT_CLASS = YES_ERROR;
				CLANG_WARN_QUOTED_INCLUDE_IN_FRAMEWORK_HEADER = YES;
				CLANG_WARN_RANGE_LOOP_ANALYSIS = YES;
				CLANG_WARN_STRICT_PROTOTYPES = YES;
				CLANG_WARN_SUSPICIOUS_MOVE = YES;
				CLANG_WARN_UNGUARDED_AVAILABILITY = YES_AGGRESSIVE;
				CLANG_WARN_UNREACHABLE_CODE = YES;
				CLANG_WARN__DUPLICATE_METHOD_MATCH = YES;
				COPY_PHASE_STRIP = NO;
				DEBUG_INFORMATION_FORMAT = "dwarf-with-dsym";
				ENABLE_NS_ASSERTIONS = NO;
				ENABLE_STRICT_OBJC_MSGSEND = YES;
				GCC_C_LANGUAGE_STANDARD = gnu11;
				GCC_NO_COMMON_BLOCKS = YES;
				GCC_WARN_64_TO_32_BIT_CONVERSION = YES;
				GCC_WARN_ABOUT_RETURN_TYPE = YES_ERROR;
				GCC_WARN_UNDECLARED_SELECTOR = YES;
				GCC_WARN_UNINITIALIZED_AUTOS = YES_AGGRESSIVE;
				GCC_WARN_UNUSED_FUNCTION = YES;
				GCC_WARN_UNUSED_VARIABLE = YES;
				IPHONEOS_DEPLOYMENT_TARGET = 15.2;
				MTL_ENABLE_DEBUG_INFO = NO;
				MTL_FAST_MATH = YES;
				SDKROOT = iphoneos;
				SWIFT_COMPILATION_MODE = wholemodule;
				SWIFT_OPTIMIZATION_LEVEL = "-O";
				VALIDATE_PRODUCT = YES;
			};
			name = Release;
		};
		78B8736E28367BEF008C3A7A /* Debug */ = {
			isa = XCBuildConfiguration;
			buildSettings = {
				ASSETCATALOG_COMPILER_APPICON_NAME = AppIcon;
				ASSETCATALOG_COMPILER_GLOBAL_ACCENT_COLOR_NAME = AccentColor;
				CODE_SIGN_STYLE = Automatic;
				CURRENT_PROJECT_VERSION = 1;
				GENERATE_INFOPLIST_FILE = YES;
				INFOPLIST_FILE = "NBA App/Info.plist";
				INFOPLIST_KEY_UIApplicationSupportsIndirectInputEvents = YES;
				INFOPLIST_KEY_UILaunchStoryboardName = LaunchScreen;
				INFOPLIST_KEY_UISupportedInterfaceOrientations_iPad = "UIInterfaceOrientationPortrait UIInterfaceOrientationPortraitUpsideDown UIInterfaceOrientationLandscapeLeft UIInterfaceOrientationLandscapeRight";
				INFOPLIST_KEY_UISupportedInterfaceOrientations_iPhone = "UIInterfaceOrientationPortrait UIInterfaceOrientationLandscapeLeft UIInterfaceOrientationLandscapeRight";
				LD_RUNPATH_SEARCH_PATHS = (
					"$(inherited)",
					"@executable_path/Frameworks",
				);
				MARKETING_VERSION = 1.0;
				PRODUCT_BUNDLE_IDENTIFIER = "Luka.NBA-App";
				PRODUCT_NAME = "$(TARGET_NAME)";
				SWIFT_EMIT_LOC_STRINGS = YES;
				SWIFT_VERSION = 5.0;
				TARGETED_DEVICE_FAMILY = "1,2";
			};
			name = Debug;
		};
		78B8736F28367BEF008C3A7A /* Release */ = {
			isa = XCBuildConfiguration;
			buildSettings = {
				ASSETCATALOG_COMPILER_APPICON_NAME = AppIcon;
				ASSETCATALOG_COMPILER_GLOBAL_ACCENT_COLOR_NAME = AccentColor;
				CODE_SIGN_STYLE = Automatic;
				CURRENT_PROJECT_VERSION = 1;
				GENERATE_INFOPLIST_FILE = YES;
				INFOPLIST_FILE = "NBA App/Info.plist";
				INFOPLIST_KEY_UIApplicationSupportsIndirectInputEvents = YES;
				INFOPLIST_KEY_UILaunchStoryboardName = LaunchScreen;
				INFOPLIST_KEY_UISupportedInterfaceOrientations_iPad = "UIInterfaceOrientationPortrait UIInterfaceOrientationPortraitUpsideDown UIInterfaceOrientationLandscapeLeft UIInterfaceOrientationLandscapeRight";
				INFOPLIST_KEY_UISupportedInterfaceOrientations_iPhone = "UIInterfaceOrientationPortrait UIInterfaceOrientationLandscapeLeft UIInterfaceOrientationLandscapeRight";
				LD_RUNPATH_SEARCH_PATHS = (
					"$(inherited)",
					"@executable_path/Frameworks",
				);
				MARKETING_VERSION = 1.0;
				PRODUCT_BUNDLE_IDENTIFIER = "Luka.NBA-App";
				PRODUCT_NAME = "$(TARGET_NAME)";
				SWIFT_EMIT_LOC_STRINGS = YES;
				SWIFT_VERSION = 5.0;
				TARGETED_DEVICE_FAMILY = "1,2";
			};
			name = Release;
		};
/* End XCBuildConfiguration section */

/* Begin XCConfigurationList section */
		78B8735428367BEE008C3A7A /* Build configuration list for PBXProject "NBA App" */ = {
			isa = XCConfigurationList;
			buildConfigurations = (
				78B8736B28367BEF008C3A7A /* Debug */,
				78B8736C28367BEF008C3A7A /* Release */,
			);
			defaultConfigurationIsVisible = 0;
			defaultConfigurationName = Release;
		};
		78B8736D28367BEF008C3A7A /* Build configuration list for PBXNativeTarget "NBA App" */ = {
			isa = XCConfigurationList;
			buildConfigurations = (
				78B8736E28367BEF008C3A7A /* Debug */,
				78B8736F28367BEF008C3A7A /* Release */,
			);
			defaultConfigurationIsVisible = 0;
			defaultConfigurationName = Release;
		};
/* End XCConfigurationList section */

/* Begin XCRemoteSwiftPackageReference section */
		789292D02841720200FBB614 /* XCRemoteSwiftPackageReference "SnapKit" */ = {
			isa = XCRemoteSwiftPackageReference;
			repositoryURL = "https://github.com/SnapKit/SnapKit.git";
			requirement = {
				kind = exactVersion;
				version = 5.6.0;
			};
		};
/* End XCRemoteSwiftPackageReference section */

/* Begin XCSwiftPackageProductDependency section */
		789292D12841720200FBB614 /* SnapKit */ = {
			isa = XCSwiftPackageProductDependency;
			package = 789292D02841720200FBB614 /* XCRemoteSwiftPackageReference "SnapKit" */;
			productName = SnapKit;
		};
/* End XCSwiftPackageProductDependency section */
	};
	rootObject = 78B8735128367BEE008C3A7A /* Project object */;
}
